{
  "pins" : [
    {
      "identity" : "prch",
      "kind" : "remoteSourceControl",
      "location" : "https://github.com/BrightDigit/Prch.git",
      "state" : {
        "revision" : "600b49cc7a77271ea3d2a9f9e449be081562a087",
        "version" : "0.2.1"
      }
    },
    {
      "identity" : "yams",
      "kind" : "remoteSourceControl",
      "location" : "https://github.com/jpsim/Yams.git",
      "state" : {
        "revision" : "9ff1cc9327586db4e0c8f46f064b6a82ec1566fa",
        "version" : "4.0.6"
      }
    }
  ],
  "version" : 2
}
